dependencies:
- name: sitecore-cd-role
  repository: https://ampach.github.io/Helm-Charts
  version: 1.0.0
- name: sitecore-cm-role
  repository: https://ampach.github.io/Helm-Charts
  version: 1.0.0
- name: sitecore-id-role
  repository: https://ampach.github.io/Helm-Charts
  version: 1.0.0
- name: sitecore-rendering-role
  repository: https://ampach.github.io/Helm-Charts
  version: 1.0.0
digest: sha256:fad41dd2d3d87008affb8a923c34c016dc9ddcb7d2f169c60e6c2312dce14459
generated: "2023-09-20T21:58:50.2110162+02:00"
